
Microsoft Visual Studio Solution File, Format Version 12.00
# Visual Studio 15
VisualStudioVersion = 15.0.28010.2026
MinimumVisualStudioVersion = 10.0.40219.1
Project("{9A19103F-16F7-4668-BE54-9A1E7A4F7556}") = "CoffeeShop.Core", "CoffeeShop\CoffeeShop.Core.csproj", "{9402443A-5646-4908-BAE4-352D2447FD8F}"
EndProject
Project("{2150E333-8FDC-42A3-9474-1A3956D46DE8}") = "Core", "Core", "{EEB7F208-A195-4098-A414-EF4EF0C8881F}"
EndProject
Project("{2150E333-8FDC-42A3-9474-1A3956D46DE8}") = "Infrastructure", "Infrastructure", "{96025334-CE6C-4923-A206-7FBD4F866B72}"
EndProject
Project("{2150E333-8FDC-42A3-9474-1A3956D46DE8}") = "UI", "UI", "{22F67993-275D-4111-9D59-A6C69323D87F}"
EndProject
Project("{9A19103F-16F7-4668-BE54-9A1E7A4F7556}") = "group14.CoffeeShopRestAPI", "group14.CoffeeShopRestAPI\group14.CoffeeShopRestAPI.csproj", "{0FC7884A-38AC-47D8-A778-768873641B01}"
EndProject
Project("{9A19103F-16F7-4668-BE54-9A1E7A4F7556}") = "CoffeeShop.Core.Entities", "CoffeeShop.Core.Entities\CoffeeShop.Core.Entities.csproj", "{1D47F106-CBEC-430A-8F2C-AE9197E705F1}"
EndProject
Project("{9A19103F-16F7-4668-BE54-9A1E7A4F7556}") = "CoffeeShop.Infrastructure.Data", "CoffeeShop.Infrastructure.Data\CoffeeShop.Infrastructure.Data.csproj", "{12B6477B-EDD6-4F49-BDAD-7B9B467C3396}"
EndProject
Project("{FAE04EC0-301F-11D3-BF4B-00C04F79EFBC}") = "XUnitTestCoffee", "XUnitTestCoffee\XUnitTestCoffee.csproj", "{EE4ABD67-21D7-4E31-9E41-0BD300347016}"
EndProject
Global
	GlobalSection(SolutionConfigurationPlatforms) = preSolution
		Debug|Any CPU = Debug|Any CPU
		Release|Any CPU = Release|Any CPU
	EndGlobalSection
	GlobalSection(ProjectConfigurationPlatforms) = postSolution
		{9402443A-5646-4908-BAE4-352D2447FD8F}.Debug|Any CPU.ActiveCfg = Debug|Any CPU
		{9402443A-5646-4908-BAE4-352D2447FD8F}.Debug|Any CPU.Build.0 = Debug|Any CPU
		{9402443A-5646-4908-BAE4-352D2447FD8F}.Release|Any CPU.ActiveCfg = Release|Any CPU
		{9402443A-5646-4908-BAE4-352D2447FD8F}.Release|Any CPU.Build.0 = Release|Any CPU
		{0FC7884A-38AC-47D8-A778-768873641B01}.Debug|Any CPU.ActiveCfg = Debug|Any CPU
		{0FC7884A-38AC-47D8-A778-768873641B01}.Debug|Any CPU.Build.0 = Debug|Any CPU
		{0FC7884A-38AC-47D8-A778-768873641B01}.Release|Any CPU.ActiveCfg = Release|Any CPU
		{0FC7884A-38AC-47D8-A778-768873641B01}.Release|Any CPU.Build.0 = Release|Any CPU
		{1D47F106-CBEC-430A-8F2C-AE9197E705F1}.Debug|Any CPU.ActiveCfg = Debug|Any CPU
		{1D47F106-CBEC-430A-8F2C-AE9197E705F1}.Debug|Any CPU.Build.0 = Debug|Any CPU
		{1D47F106-CBEC-430A-8F2C-AE9197E705F1}.Release|Any CPU.ActiveCfg = Release|Any CPU
		{1D47F106-CBEC-430A-8F2C-AE9197E705F1}.Release|Any CPU.Build.0 = Release|Any CPU
		{12B6477B-EDD6-4F49-BDAD-7B9B467C3396}.Debug|Any CPU.ActiveCfg = Debug|Any CPU
		{12B6477B-EDD6-4F49-BDAD-7B9B467C3396}.Debug|Any CPU.Build.0 = Debug|Any CPU
		{12B6477B-EDD6-4F49-BDAD-7B9B467C3396}.Release|Any CPU.ActiveCfg = Release|Any CPU
		{12B6477B-EDD6-4F49-BDAD-7B9B467C3396}.Release|Any CPU.Build.0 = Release|Any CPU
		{EE4ABD67-21D7-4E31-9E41-0BD300347016}.Debug|Any CPU.ActiveCfg = Debug|Any CPU
		{EE4ABD67-21D7-4E31-9E41-0BD300347016}.Debug|Any CPU.Build.0 = Debug|Any CPU
		{EE4ABD67-21D7-4E31-9E41-0BD300347016}.Release|Any CPU.ActiveCfg = Release|Any CPU
		{EE4ABD67-21D7-4E31-9E41-0BD300347016}.Release|Any CPU.Build.0 = Release|Any CPU
	EndGlobalSection
	GlobalSection(SolutionProperties) = preSolution
		HideSolutionNode = FALSE
	EndGlobalSection
	GlobalSection(NestedProjects) = preSolution
		{9402443A-5646-4908-BAE4-352D2447FD8F} = {EEB7F208-A195-4098-A414-EF4EF0C8881F}
		{0FC7884A-38AC-47D8-A778-768873641B01} = {22F67993-275D-4111-9D59-A6C69323D87F}
		{1D47F106-CBEC-430A-8F2C-AE9197E705F1} = {EEB7F208-A195-4098-A414-EF4EF0C8881F}
		{12B6477B-EDD6-4F49-BDAD-7B9B467C3396} = {96025334-CE6C-4923-A206-7FBD4F866B72}
	EndGlobalSection
	GlobalSection(ExtensibilityGlobals) = postSolution
		SolutionGuid = {3A01A350-3843-4BFB-9F32-0D63032720E6}
	EndGlobalSection
EndGlobal
